// !$*UTF8*$!
{
	archiveVersion = 1;
	classes = {
	};
	objectVersion = 46;
	objects = {

/* Begin PBXBuildFile section */
		57D5A9A118F72EA200B080C8 /* Images.xcassets in Resources */ = {isa = PBXBuildFile; fileRef = 57D5A9A018F72EA200B080C8 /* Images.xcassets */; };
		6703C50A1BB1DE17000E789D /* Launch Screen.storyboard in Resources */ = {isa = PBXBuildFile; fileRef = 6703C5091BB1DE17000E789D /* Launch Screen.storyboard */; settings = {ASSET_TAGS = (); }; };
		678FC08A1BB1E33F003CC30B /* Main.storyboard in Resources */ = {isa = PBXBuildFile; fileRef = 678FC0891BB1E33F003CC30B /* Main.storyboard */; settings = {ASSET_TAGS = (); }; };
		84E3792D14BE0ACC0018998C /* UIKit.framework in Frameworks */ = {isa = PBXBuildFile; fileRef = 84E3792C14BE0ACC0018998C /* UIKit.framework */; };
		84E3792F14BE0ACC0018998C /* Foundation.framework in Frameworks */ = {isa = PBXBuildFile; fileRef = 84E3792E14BE0ACC0018998C /* Foundation.framework */; };
		84E3793314BE0ACC0018998C /* CoreData.framework in Frameworks */ = {isa = PBXBuildFile; fileRef = 84E3793214BE0ACC0018998C /* CoreData.framework */; };
		84E3793914BE0ACC0018998C /* InfoPlist.strings in Resources */ = {isa = PBXBuildFile; fileRef = 84E3793714BE0ACC0018998C /* InfoPlist.strings */; };
		84E3793B14BE0ACC0018998C /* main.m in Sources */ = {isa = PBXBuildFile; fileRef = 84E3793A14BE0ACC0018998C /* main.m */; };
		84E3793F14BE0ACC0018998C /* AppDelegate.m in Sources */ = {isa = PBXBuildFile; fileRef = 84E3793E14BE0ACC0018998C /* AppDelegate.m */; };
		84E3794814BE0ACC0018998C /* UniversalDemo.xcdatamodeld in Sources */ = {isa = PBXBuildFile; fileRef = 84E3794614BE0ACC0018998C /* UniversalDemo.xcdatamodeld */; };
		84E3794B14BE0ACC0018998C /* MasterViewController.m in Sources */ = {isa = PBXBuildFile; fileRef = 84E3794A14BE0ACC0018998C /* MasterViewController.m */; };
		84E3795A14BE382E0018998C /* Employee.m in Sources */ = {isa = PBXBuildFile; fileRef = 84E3795914BE382E0018998C /* Employee.m */; };
		84E3796A14BF37B50018998C /* EmployeeViewController.m in Sources */ = {isa = PBXBuildFile; fileRef = 84E3796914BF37B50018998C /* EmployeeViewController.m */; };
/* End PBXBuildFile section */

/* Begin PBXContainerItemProxy section */
		678FC0941BB3084B003CC30B /* PBXContainerItemProxy */ = {
			isa = PBXContainerItemProxy;
			containerPortal = 84E3791F14BE0ACC0018998C /* Project object */;
			proxyType = 1;
			remoteGlobalIDString = 84E3792714BE0ACC0018998C;
			remoteInfo = UniversalDemo;
		};
/* End PBXContainerItemProxy section */

/* Begin PBXFileReference section */
		57D5A9A018F72EA200B080C8 /* Images.xcassets */ = {isa = PBXFileReference; lastKnownFileType = folder.assetcatalog; name = Images.xcassets; path = ../UniversalDemo/Images.xcassets; sourceTree = "<group>"; };
		6703C5091BB1DE17000E789D /* Launch Screen.storyboard */ = {isa = PBXFileReference; fileEncoding = 4; lastKnownFileType = file.storyboard; path = "Launch Screen.storyboard"; sourceTree = "<group>"; };
		678FC0891BB1E33F003CC30B /* Main.storyboard */ = {isa = PBXFileReference; fileEncoding = 4; lastKnownFileType = file.storyboard; path = Main.storyboard; sourceTree = "<group>"; };
		678FC08F1BB3084B003CC30B /* UniversalDemoTests.xctest */ = {isa = PBXFileReference; explicitFileType = wrapper.cfbundle; includeInIndex = 0; path = UniversalDemoTests.xctest; sourceTree = BUILT_PRODUCTS_DIR; };
		84E3792814BE0ACC0018998C /* UniversalDemo.app */ = {isa = PBXFileReference; explicitFileType = wrapper.application; includeInIndex = 0; path = UniversalDemo.app; sourceTree = BUILT_PRODUCTS_DIR; };
		84E3792C14BE0ACC0018998C /* UIKit.framework */ = {isa = PBXFileReference; lastKnownFileType = wrapper.framework; name = UIKit.framework; path = System/Library/Frameworks/UIKit.framework; sourceTree = SDKROOT; };
		84E3792E14BE0ACC0018998C /* Foundation.framework */ = {isa = PBXFileReference; lastKnownFileType = wrapper.framework; name = Foundation.framework; path = System/Library/Frameworks/Foundation.framework; sourceTree = SDKROOT; };
		84E3793214BE0ACC0018998C /* CoreData.framework */ = {isa = PBXFileReference; lastKnownFileType = wrapper.framework; name = CoreData.framework; path = System/Library/Frameworks/CoreData.framework; sourceTree = SDKROOT; };
		84E3793614BE0ACC0018998C /* UniversalDemo-Info.plist */ = {isa = PBXFileReference; lastKnownFileType = text.plist.xml; path = "UniversalDemo-Info.plist"; sourceTree = "<group>"; };
		84E3793814BE0ACC0018998C /* en */ = {isa = PBXFileReference; lastKnownFileType = text.plist.strings; name = en; path = en.lproj/InfoPlist.strings; sourceTree = "<group>"; };
		84E3793A14BE0ACC0018998C /* main.m */ = {isa = PBXFileReference; lastKnownFileType = sourcecode.c.objc; path = main.m; sourceTree = "<group>"; };
		84E3793C14BE0ACC0018998C /* UniversalDemo-Prefix.pch */ = {isa = PBXFileReference; lastKnownFileType = sourcecode.c.h; path = "UniversalDemo-Prefix.pch"; sourceTree = "<group>"; };
		84E3793D14BE0ACC0018998C /* AppDelegate.h */ = {isa = PBXFileReference; lastKnownFileType = sourcecode.c.h; path = AppDelegate.h; sourceTree = "<group>"; };
		84E3793E14BE0ACC0018998C /* AppDelegate.m */ = {isa = PBXFileReference; lastKnownFileType = sourcecode.c.objc; path = AppDelegate.m; sourceTree = "<group>"; };
		84E3794714BE0ACC0018998C /* UniversalDemo.xcdatamodel */ = {isa = PBXFileReference; lastKnownFileType = wrapper.xcdatamodel; path = UniversalDemo.xcdatamodel; sourceTree = "<group>"; };
		84E3794914BE0ACC0018998C /* MasterViewController.h */ = {isa = PBXFileReference; lastKnownFileType = sourcecode.c.h; path = MasterViewController.h; sourceTree = "<group>"; };
		84E3794A14BE0ACC0018998C /* MasterViewController.m */ = {isa = PBXFileReference; lastKnownFileType = sourcecode.c.objc; path = MasterViewController.m; sourceTree = "<group>"; };
		84E3795814BE382E0018998C /* Employee.h */ = {isa = PBXFileReference; fileEncoding = 4; lastKnownFileType = sourcecode.c.h; path = Employee.h; sourceTree = "<group>"; };
		84E3795914BE382E0018998C /* Employee.m */ = {isa = PBXFileReference; fileEncoding = 4; lastKnownFileType = sourcecode.c.objc; path = Employee.m; sourceTree = "<group>"; };
		84E3796814BF37B50018998C /* EmployeeViewController.h */ = {isa = PBXFileReference; fileEncoding = 4; lastKnownFileType = sourcecode.c.h; path = EmployeeViewController.h; sourceTree = "<group>"; };
		84E3796914BF37B50018998C /* EmployeeViewController.m */ = {isa = PBXFileReference; fileEncoding = 4; lastKnownFileType = sourcecode.c.objc; path = EmployeeViewController.m; sourceTree = "<group>"; };
/* End PBXFileReference section */

/* Begin PBXFrameworksBuildPhase section */
		678FC08C1BB3084B003CC30B /* Frameworks */ = {
			isa = PBXFrameworksBuildPhase;
			buildActionMask = 2147483647;
			files = (
			);
			runOnlyForDeploymentPostprocessing = 0;
		};
		84E3792514BE0ACC0018998C /* Frameworks */ = {
			isa = PBXFrameworksBuildPhase;
			buildActionMask = 2147483647;
			files = (
				84E3792D14BE0ACC0018998C /* UIKit.framework in Frameworks */,
				84E3792F14BE0ACC0018998C /* Foundation.framework in Frameworks */,
				84E3793314BE0ACC0018998C /* CoreData.framework in Frameworks */,
			);
			runOnlyForDeploymentPostprocessing = 0;
		};
/* End PBXFrameworksBuildPhase section */

/* Begin PBXGroup section */
		84E3791D14BE0ACC0018998C = {
			isa = PBXGroup;
			children = (
				84E3793414BE0ACC0018998C /* SquareDemo */,
				84E3792B14BE0ACC0018998C /* Frameworks */,
				84E3792914BE0ACC0018998C /* Products */,
			);
			sourceTree = "<group>";
		};
		84E3792914BE0ACC0018998C /* Products */ = {
			isa = PBXGroup;
			children = (
				84E3792814BE0ACC0018998C /* UniversalDemo.app */,
				678FC08F1BB3084B003CC30B /* UniversalDemoTests.xctest */,
			);
			name = Products;
			sourceTree = "<group>";
		};
		84E3792B14BE0ACC0018998C /* Frameworks */ = {
			isa = PBXGroup;
			children = (
				84E3792C14BE0ACC0018998C /* UIKit.framework */,
				84E3792E14BE0ACC0018998C /* Foundation.framework */,
				84E3793214BE0ACC0018998C /* CoreData.framework */,
			);
			name = Frameworks;
			sourceTree = "<group>";
		};
		84E3793414BE0ACC0018998C /* SquareDemo */ = {
			isa = PBXGroup;
			children = (
				84E3793D14BE0ACC0018998C /* AppDelegate.h */,
				84E3793E14BE0ACC0018998C /* AppDelegate.m */,
				84E3795814BE382E0018998C /* Employee.h */,
				84E3795914BE382E0018998C /* Employee.m */,
				84E3796814BF37B50018998C /* EmployeeViewController.h */,
				84E3796914BF37B50018998C /* EmployeeViewController.m */,
				6703C5091BB1DE17000E789D /* Launch Screen.storyboard */,
				678FC0891BB1E33F003CC30B /* Main.storyboard */,
				84E3794914BE0ACC0018998C /* MasterViewController.h */,
				84E3794A14BE0ACC0018998C /* MasterViewController.m */,
				84E3794614BE0ACC0018998C /* UniversalDemo.xcdatamodeld */,
				84E3793514BE0ACC0018998C /* Supporting Files */,
			);
			path = SquareDemo;
			sourceTree = "<group>";
		};
		84E3793514BE0ACC0018998C /* Supporting Files */ = {
			isa = PBXGroup;
			children = (
				57D5A9A018F72EA200B080C8 /* Images.xcassets */,
				84E3793614BE0ACC0018998C /* UniversalDemo-Info.plist */,
				84E3793714BE0ACC0018998C /* InfoPlist.strings */,
				84E3793A14BE0ACC0018998C /* main.m */,
				84E3793C14BE0ACC0018998C /* UniversalDemo-Prefix.pch */,
			);
			name = "Supporting Files";
			sourceTree = "<group>";
		};
/* End PBXGroup section */

/* Begin PBXNativeTarget section */
		678FC08E1BB3084B003CC30B /* UniversalDemoTests */ = {
			isa = PBXNativeTarget;
			buildConfigurationList = 678FC0961BB3084B003CC30B /* Build configuration list for PBXNativeTarget "UniversalDemoTests" */;
			buildPhases = (
				678FC08B1BB3084B003CC30B /* Sources */,
				678FC08C1BB3084B003CC30B /* Frameworks */,
				678FC08D1BB3084B003CC30B /* Resources */,
			);
			buildRules = (
			);
			dependencies = (
				678FC0951BB3084B003CC30B /* PBXTargetDependency */,
			);
			name = UniversalDemoTests;
			productName = UniversalDemoTests;
			productReference = 678FC08F1BB3084B003CC30B /* UniversalDemoTests.xctest */;
			productType = "com.apple.product-type.bundle.unit-test";
		};
		84E3792714BE0ACC0018998C /* UniversalDemo */ = {
			isa = PBXNativeTarget;
			buildConfigurationList = 84E3795114BE0ACC0018998C /* Build configuration list for PBXNativeTarget "UniversalDemo" */;
			buildPhases = (
				84E3792414BE0ACC0018998C /* Sources */,
				84E3792514BE0ACC0018998C /* Frameworks */,
				84E3792614BE0ACC0018998C /* Resources */,
			);
			buildRules = (
			);
			dependencies = (
			);
			name = UniversalDemo;
			productName = SquareDemo;
			productReference = 84E3792814BE0ACC0018998C /* UniversalDemo.app */;
			productType = "com.apple.product-type.application";
		};
/* End PBXNativeTarget section */

/* Begin PBXProject section */
		84E3791F14BE0ACC0018998C /* Project object */ = {
			isa = PBXProject;
			attributes = {
				LastUpgradeCheck = 0700;
				ORGANIZATIONNAME = shrtlist.com;
				TargetAttributes = {
					678FC08E1BB3084B003CC30B = {
						CreatedOnToolsVersion = 7.0;
						TestTargetID = 84E3792714BE0ACC0018998C;
					};
				};
			};
			buildConfigurationList = 84E3792214BE0ACC0018998C /* Build configuration list for PBXProject "UniversalDemo" */;
			compatibilityVersion = "Xcode 3.2";
			developmentRegion = English;
			hasScannedForEncodings = 0;
			knownRegions = (
				en,
			);
			mainGroup = 84E3791D14BE0ACC0018998C;
			productRefGroup = 84E3792914BE0ACC0018998C /* Products */;
			projectDirPath = "";
			projectRoot = "";
			targets = (
				84E3792714BE0ACC0018998C /* UniversalDemo */,
				678FC08E1BB3084B003CC30B /* UniversalDemoTests */,
			);
		};
/* End PBXProject section */

/* Begin PBXResourcesBuildPhase section */
		678FC08D1BB3084B003CC30B /* Resources */ = {
			isa = PBXResourcesBuildPhase;
			buildActionMask = 2147483647;
			files = (
			);
			runOnlyForDeploymentPostprocessing = 0;
		};
		84E3792614BE0ACC0018998C /* Resources */ = {
			isa = PBXResourcesBuildPhase;
			buildActionMask = 2147483647;
			files = (
				84E3793914BE0ACC0018998C /* InfoPlist.strings in Resources */,
				57D5A9A118F72EA200B080C8 /* Images.xcassets in Resources */,
				678FC08A1BB1E33F003CC30B /* Main.storyboard in Resources */,
				6703C50A1BB1DE17000E789D /* Launch Screen.storyboard in Resources */,
			);
			runOnlyForDeploymentPostprocessing = 0;
		};
/* End PBXResourcesBuildPhase section */

/* Begin PBXSourcesBuildPhase section */
		678FC08B1BB3084B003CC30B /* Sources */ = {
			isa = PBXSourcesBuildPhase;
			buildActionMask = 2147483647;
			files = (
			);
			runOnlyForDeploymentPostprocessing = 0;
		};
		84E3792414BE0ACC0018998C /* Sources */ = {
			isa = PBXSourcesBuildPhase;
			buildActionMask = 2147483647;
			files = (
				84E3793B14BE0ACC0018998C /* main.m in Sources */,
				84E3793F14BE0ACC0018998C /* AppDelegate.m in Sources */,
				84E3794814BE0ACC0018998C /* UniversalDemo.xcdatamodeld in Sources */,
				84E3794B14BE0ACC0018998C /* MasterViewController.m in Sources */,
				84E3795A14BE382E0018998C /* Employee.m in Sources */,
				84E3796A14BF37B50018998C /* EmployeeViewController.m in Sources */,
			);
			runOnlyForDeploymentPostprocessing = 0;
		};
/* End PBXSourcesBuildPhase section */

/* Begin PBXTargetDependency section */
		678FC0951BB3084B003CC30B /* PBXTargetDependency */ = {
			isa = PBXTargetDependency;
			target = 84E3792714BE0ACC0018998C /* UniversalDemo */;
			targetProxy = 678FC0941BB3084B003CC30B /* PBXContainerItemProxy */;
		};
/* End PBXTargetDependency section */

/* Begin PBXVariantGroup section */
		84E3793714BE0ACC0018998C /* InfoPlist.strings */ = {
			isa = PBXVariantGroup;
			children = (
				84E3793814BE0ACC0018998C /* en */,
			);
			name = InfoPlist.strings;
			sourceTree = "<group>";
		};
/* End PBXVariantGroup section */

/* Begin XCBuildConfiguration section */
		678FC0971BB3084B003CC30B /* Debug */ = {
			isa = XCBuildConfiguration;
			buildSettings = {
				BUNDLE_LOADER = "$(TEST_HOST)";
				CLANG_CXX_LANGUAGE_STANDARD = "gnu++0x";
				CLANG_CXX_LIBRARY = "libc++";
				CLANG_ENABLE_MODULES = YES;
				CLANG_WARN_DIRECT_OBJC_ISA_USAGE = YES_ERROR;
				CLANG_WARN_OBJC_ROOT_CLASS = YES_ERROR;
				DEBUG_INFORMATION_FORMAT = dwarf;
				GCC_WARN_ABOUT_RETURN_TYPE = YES_ERROR;
				GCC_WARN_UNINITIALIZED_AUTOS = YES_AGGRESSIVE;
				INFOPLIST_FILE = UniversalDemoTests/Info.plist;
				LD_RUNPATH_SEARCH_PATHS = "$(inherited) @executable_path/Frameworks @loader_path/Frameworks";
				MTL_ENABLE_DEBUG_INFO = YES;
				PRODUCT_BUNDLE_IDENTIFIER = com.yourcompany.UniversalDemoTests;
				PRODUCT_NAME = "$(TARGET_NAME)";
				SWIFT_OPTIMIZATION_LEVEL = "-Onone";
				TEST_HOST = "$(BUILT_PRODUCTS_DIR)/UniversalDemo.app/UniversalDemo";
			};
			name = Debug;
		};
		678FC0981BB3084B003CC30B /* Release */ = {
			isa = XCBuildConfiguration;
			buildSettings = {
				BUNDLE_LOADER = "$(TEST_HOST)";
				CLANG_CXX_LANGUAGE_STANDARD = "gnu++0x";
				CLANG_CXX_LIBRARY = "libc++";
				CLANG_ENABLE_MODULES = YES;
				CLANG_WARN_DIRECT_OBJC_ISA_USAGE = YES_ERROR;
				CLANG_WARN_OBJC_ROOT_CLASS = YES_ERROR;
				COPY_PHASE_STRIP = NO;
				DEBUG_INFORMATION_FORMAT = "dwarf-with-dsym";
				ENABLE_NS_ASSERTIONS = NO;
				GCC_WARN_ABOUT_RETURN_TYPE = YES_ERROR;
				GCC_WARN_UNINITIALIZED_AUTOS = YES_AGGRESSIVE;
				INFOPLIST_FILE = UniversalDemoTests/Info.plist;
				LD_RUNPATH_SEARCH_PATHS = "$(inherited) @executable_path/Frameworks @loader_path/Frameworks";
				MTL_ENABLE_DEBUG_INFO = NO;
				PRODUCT_BUNDLE_IDENTIFIER = com.yourcompany.UniversalDemoTests;
				PRODUCT_NAME = "$(TARGET_NAME)";
				TEST_HOST = "$(BUILT_PRODUCTS_DIR)/UniversalDemo.app/UniversalDemo";
			};
			name = Release;
		};
		84E3794F14BE0ACC0018998C /* Debug */ = {
			isa = XCBuildConfiguration;
			buildSettings = {
				ALWAYS_SEARCH_USER_PATHS = NO;
				CLANG_ENABLE_OBJC_ARC = YES;
				CLANG_WARN_BOOL_CONVERSION = YES;
				CLANG_WARN_CONSTANT_CONVERSION = YES;
				CLANG_WARN_EMPTY_BODY = YES;
				CLANG_WARN_ENUM_CONVERSION = YES;
				CLANG_WARN_INT_CONVERSION = YES;
				CLANG_WARN_UNREACHABLE_CODE = YES;
				CLANG_WARN__DUPLICATE_METHOD_MATCH = YES;
				"CODE_SIGN_IDENTITY[sdk=iphoneos*]" = "iPhone Developer";
				COPY_PHASE_STRIP = NO;
				ENABLE_STRICT_OBJC_MSGSEND = YES;
				ENABLE_TESTABILITY = YES;
				GCC_C_LANGUAGE_STANDARD = gnu99;
				GCC_DYNAMIC_NO_PIC = NO;
				GCC_NO_COMMON_BLOCKS = YES;
				GCC_OPTIMIZATION_LEVEL = 0;
				GCC_PREPROCESSOR_DEFINITIONS = (
					"DEBUG=1",
					"$(inherited)",
				);
				GCC_SYMBOLS_PRIVATE_EXTERN = NO;
				GCC_VERSION = com.apple.compilers.llvm.clang.1_0;
				GCC_WARN_64_TO_32_BIT_CONVERSION = YES;
				GCC_WARN_ABOUT_MISSING_PROTOTYPES = YES;
				GCC_WARN_ABOUT_RETURN_TYPE = YES;
				GCC_WARN_UNDECLARED_SELECTOR = YES;
				GCC_WARN_UNINITIALIZED_AUTOS = YES;
				GCC_WARN_UNUSED_FUNCTION = YES;
				GCC_WARN_UNUSED_VARIABLE = YES;
				IPHONEOS_DEPLOYMENT_TARGET = 9.0;
				ONLY_ACTIVE_ARCH = YES;
				SDKROOT = iphoneos;
				TARGETED_DEVICE_FAMILY = "1,2";
			};
			name = Debug;
		};
		84E3795014BE0ACC0018998C /* Release */ = {
			isa = XCBuildConfiguration;
			buildSettings = {
				ALWAYS_SEARCH_USER_PATHS = NO;
				CLANG_ENABLE_OBJC_ARC = YES;
				CLANG_WARN_BOOL_CONVERSION = YES;
				CLANG_WARN_CONSTANT_CONVERSION = YES;
				CLANG_WARN_EMPTY_BODY = YES;
				CLANG_WARN_ENUM_CONVERSION = YES;
				CLANG_WARN_INT_CONVERSION = YES;
				CLANG_WARN_UNREACHABLE_CODE = YES;
				CLANG_WARN__DUPLICATE_METHOD_MATCH = YES;
				"CODE_SIGN_IDENTITY[sdk=iphoneos*]" = "iPhone Developer";
				COPY_PHASE_STRIP = YES;
				ENABLE_STRICT_OBJC_MSGSEND = YES;
				GCC_C_LANGUAGE_STANDARD = gnu99;
				GCC_NO_COMMON_BLOCKS = YES;
				GCC_VERSION = com.apple.compilers.llvm.clang.1_0;
				GCC_WARN_64_TO_32_BIT_CONVERSION = YES;
				GCC_WARN_ABOUT_MISSING_PROTOTYPES = YES;
				GCC_WARN_ABOUT_RETURN_TYPE = YES;
				GCC_WARN_UNDECLARED_SELECTOR = YES;
				GCC_WARN_UNINITIALIZED_AUTOS = YES;
				GCC_WARN_UNUSED_FUNCTION = YES;
				GCC_WARN_UNUSED_VARIABLE = YES;
				IPHONEOS_DEPLOYMENT_TARGET = 9.0;
				OTHER_CFLAGS = "-DNS_BLOCK_ASSERTIONS=1";
				SDKROOT = iphoneos;
				TARGETED_DEVICE_FAMILY = "1,2";
				VALIDATE_PRODUCT = YES;
			};
			name = Release;
		};
		84E3795214BE0ACC0018998C /* Debug */ = {
			isa = XCBuildConfiguration;
			buildSettings = {
				ASSETCATALOG_COMPILER_APPICON_NAME = AppIcon;
				GCC_PRECOMPILE_PREFIX_HEADER = YES;
				GCC_PREFIX_HEADER = "SquareDemo/UniversalDemo-Prefix.pch";
				INFOPLIST_FILE = "SquareDemo/UniversalDemo-Info.plist";
				PRODUCT_BUNDLE_IDENTIFIER = "com.shrtlist.${PRODUCT_NAME:rfc1034identifier}";
				PRODUCT_NAME = UniversalDemo;
				WRAPPER_EXTENSION = app;
			};
			name = Debug;
		};
		84E3795314BE0ACC0018998C /* Release */ = {
			isa = XCBuildConfiguration;
			buildSettings = {
				ASSETCATALOG_COMPILER_APPICON_NAME = AppIcon;
				GCC_PRECOMPILE_PREFIX_HEADER = YES;
				GCC_PREFIX_HEADER = "SquareDemo/UniversalDemo-Prefix.pch";
				INFOPLIST_FILE = "SquareDemo/UniversalDemo-Info.plist";
				PRODUCT_BUNDLE_IDENTIFIER = "com.shrtlist.${PRODUCT_NAME:rfc1034identifier}";
				PRODUCT_NAME = UniversalDemo;
				WRAPPER_EXTENSION = app;
			};
			name = Release;
		};
/* End XCBuildConfiguration section */

/* Begin XCConfigurationList section */
		678FC0961BB3084B003CC30B /* Build configuration list for PBXNativeTarget "UniversalDemoTests" */ = {
			isa = XCConfigurationList;
			buildConfigurations = (
				678FC0971BB3084B003CC30B /* Debug */,
				678FC0981BB3084B003CC30B /* Release */,
			);
			defaultConfigurationIsVisible = 0;
		};
		84E3792214BE0ACC0018998C /* Build configuration list for PBXProject "UniversalDemo" */ = {
			isa = XCConfigurationList;
			buildConfigurations = (
				84E3794F14BE0ACC0018998C /* Debug */,
				84E3795014BE0ACC0018998C /* Release */,
			);
			defaultConfigurationIsVisible = 0;
			defaultConfigurationName = Release;
		};
		84E3795114BE0ACC0018998C /* Build configuration list for PBXNativeTarget "UniversalDemo" */ = {
			isa = XCConfigurationList;
			buildConfigurations = (
				84E3795214BE0ACC0018998C /* Debug */,
				84E3795314BE0ACC0018998C /* Release */,
			);
			defaultConfigurationIsVisible = 0;
			defaultConfigurationName = Release;
		};
/* End XCConfigurationList section */

/* Begin XCVersionGroup section */
		84E3794614BE0ACC0018998C /* UniversalDemo.xcdatamodeld */ = {
			isa = XCVersionGroup;
			children = (
				84E3794714BE0ACC0018998C /* UniversalDemo.xcdatamodel */,
			);
			currentVersion = 84E3794714BE0ACC0018998C /* UniversalDemo.xcdatamodel */;
			path = UniversalDemo.xcdatamodeld;
			sourceTree = "<group>";
			versionGroupType = wrapper.xcdatamodel;
		};
/* End XCVersionGroup section */
	};
	rootObject = 84E3791F14BE0ACC0018998C /* Project object */;
}
